// !$*UTF8*$!
{
	archiveVersion = 1;
	classes = {
	};
	objectVersion = 46;
	objects = {

/* Begin PBXBuildFile section */
		4127E21C1C9200AB00AC19D4 /* AppDelegate.swift in Sources */ = {isa = PBXBuildFile; fileRef = 4127E21B1C9200AB00AC19D4 /* AppDelegate.swift */; };
		4127E21E1C9200AB00AC19D4 /* ViewController.swift in Sources */ = {isa = PBXBuildFile; fileRef = 4127E21D1C9200AB00AC19D4 /* ViewController.swift */; };
		4127E2211C9200AB00AC19D4 /* Main.storyboard in Resources */ = {isa = PBXBuildFile; fileRef = 4127E21F1C9200AB00AC19D4 /* Main.storyboard */; };
		4127E2231C9200AC00AC19D4 /* Assets.xcassets in Resources */ = {isa = PBXBuildFile; fileRef = 4127E2221C9200AC00AC19D4 /* Assets.xcassets */; };
		4127E2261C9200AC00AC19D4 /* LaunchScreen.storyboard in Resources */ = {isa = PBXBuildFile; fileRef = 4127E2241C9200AC00AC19D4 /* LaunchScreen.storyboard */; };
		416A9AA21C9381310026A0CA /* level2.txt in Resources */ = {isa = PBXBuildFile; fileRef = 416A9AA11C9381310026A0CA /* level2.txt */; };
		41CC27631C929762003B3F2C /* level1.txt in Resources */ = {isa = PBXBuildFile; fileRef = 41CC27621C929762003B3F2C /* level1.txt */; };
/* End PBXBuildFile section */

/* Begin PBXFileReference section */
		4127E2181C9200AB00AC19D4 /* HWS-Project8.app */ = {isa = PBXFileReference; explicitFileType = wrapper.application; includeInIndex = 0; path = "HWS-Project8.app"; sourceTree = BUILT_PRODUCTS_DIR; };
		4127E21B1C9200AB00AC19D4 /* AppDelegate.swift */ = {isa = PBXFileReference; lastKnownFileType = sourcecode.swift; path = AppDelegate.swift; sourceTree = "<group>"; };
		4127E21D1C9200AB00AC19D4 /* ViewController.swift */ = {isa = PBXFileReference; lastKnownFileType = sourcecode.swift; path = ViewController.swift; sourceTree = "<group>"; };
		4127E2201C9200AB00AC19D4 /* Base */ = {isa = PBXFileReference; lastKnownFileType = file.storyboard; name = Base; path = Base.lproj/Main.storyboard; sourceTree = "<group>"; };
		4127E2221C9200AC00AC19D4 /* Assets.xcassets */ = {isa = PBXFileReference; lastKnownFileType = folder.assetcatalog; path = Assets.xcassets; sourceTree = "<group>"; };
		4127E2251C9200AC00AC19D4 /* Base */ = {isa = PBXFileReference; lastKnownFileType = file.storyboard; name = Base; path = Base.lproj/LaunchScreen.storyboard; sourceTree = "<group>"; };
		4127E2271C9200AC00AC19D4 /* Info.plist */ = {isa = PBXFileReference; lastKnownFileType = text.plist.xml; path = Info.plist; sourceTree = "<group>"; };
		416A9AA11C9381310026A0CA /* level2.txt */ = {isa = PBXFileReference; fileEncoding = 4; lastKnownFileType = text; path = level2.txt; sourceTree = "<group>"; };
		41CC27621C929762003B3F2C /* level1.txt */ = {isa = PBXFileReference; fileEncoding = 4; lastKnownFileType = text; path = level1.txt; sourceTree = "<group>"; };
/* End PBXFileReference section */

/* Begin PBXFrameworksBuildPhase section */
		4127E2151C9200AB00AC19D4 /* Frameworks */ = {
			isa = PBXFrameworksBuildPhase;
			buildActionMask = 2147483647;
			files = (
			);
			runOnlyForDeploymentPostprocessing = 0;
		};
/* End PBXFrameworksBuildPhase section */

/* Begin PBXGroup section */
		4127E20F1C9200AB00AC19D4 = {
			isa = PBXGroup;
			children = (
				4127E21A1C9200AB00AC19D4 /* HWS-Project8 */,
				4127E2191C9200AB00AC19D4 /* Products */,
			);
			sourceTree = "<group>";
		};
		4127E2191C9200AB00AC19D4 /* Products */ = {
			isa = PBXGroup;
			children = (
				4127E2181C9200AB00AC19D4 /* HWS-Project8.app */,
			);
			name = Products;
			sourceTree = "<group>";
		};
		4127E21A1C9200AB00AC19D4 /* HWS-Project8 */ = {
			isa = PBXGroup;
			children = (
				4127E21B1C9200AB00AC19D4 /* AppDelegate.swift */,
				4127E21D1C9200AB00AC19D4 /* ViewController.swift */,
				4127E21F1C9200AB00AC19D4 /* Main.storyboard */,
				4127E2221C9200AC00AC19D4 /* Assets.xcassets */,
				4127E2241C9200AC00AC19D4 /* LaunchScreen.storyboard */,
				4127E2271C9200AC00AC19D4 /* Info.plist */,
				41CC27621C929762003B3F2C /* level1.txt */,
				416A9AA11C9381310026A0CA /* level2.txt */,
			);
			path = "HWS-Project8";
			sourceTree = "<group>";
		};
/* End PBXGroup section */

/* Begin PBXNativeTarget section */
		4127E2171C9200AB00AC19D4 /* HWS-Project8 */ = {
			isa = PBXNativeTarget;
			buildConfigurationList = 4127E22A1C9200AC00AC19D4 /* Build configuration list for PBXNativeTarget "HWS-Project8" */;
			buildPhases = (
				4127E2141C9200AB00AC19D4 /* Sources */,
				4127E2151C9200AB00AC19D4 /* Frameworks */,
				4127E2161C9200AB00AC19D4 /* Resources */,
			);
			buildRules = (
			);
			dependencies = (
			);
			name = "HWS-Project8";
			productName = "HWS-Project8";
			productReference = 4127E2181C9200AB00AC19D4 /* HWS-Project8.app */;
			productType = "com.apple.product-type.application";
		};
/* End PBXNativeTarget section */

/* Begin PBXProject section */
		4127E2101C9200AB00AC19D4 /* Project object */ = {
			isa = PBXProject;
			attributes = {
				LastSwiftUpdateCheck = 0720;
				LastUpgradeCheck = 0720;
				ORGANIZATIONNAME = "Donny Davis";
				TargetAttributes = {
					4127E2171C9200AB00AC19D4 = {
						CreatedOnToolsVersion = 7.2.1;
						DevelopmentTeam = 4B3L94BG4K;
					};
				};
			};
			buildConfigurationList = 4127E2131C9200AB00AC19D4 /* Build configuration list for PBXProject "HWS-Project8" */;
			compatibilityVersion = "Xcode 3.2";
			developmentRegion = English;
			hasScannedForEncodings = 0;
			knownRegions = (
				en,
				Base,
			);
			mainGroup = 4127E20F1C9200AB00AC19D4;
			productRefGroup = 4127E2191C9200AB00AC19D4 /* Products */;
			projectDirPath = "";
			projectRoot = "";
			targets = (
				4127E2171C9200AB00AC19D4 /* HWS-Project8 */,
			);
		};
/* End PBXProject section */

/* Begin PBXResourcesBuildPhase section */
		4127E2161C9200AB00AC19D4 /* Resources */ = {
			isa = PBXResourcesBuildPhase;
			buildActionMask = 2147483647;
			files = (
				416A9AA21C9381310026A0CA /* level2.txt in Resources */,
				4127E2261C9200AC00AC19D4 /* LaunchScreen.storyboard in Resources */,
				41CC27631C929762003B3F2C /* level1.txt in Resources */,
				4127E2231C9200AC00AC19D4 /* Assets.xcassets in Resources */,
				4127E2211C9200AB00AC19D4 /* Main.storyboard in Resources */,
			);
			runOnlyForDeploymentPostprocessing = 0;
		};
/* End PBXResourcesBuildPhase section */

/* Begin PBXSourcesBuildPhase section */
		4127E2141C9200AB00AC19D4 /* Sources */ = {
			isa = PBXSourcesBuildPhase;
			buildActionMask = 2147483647;
			files = (
				4127E21E1C9200AB00AC19D4 /* ViewController.swift in Sources */,
				4127E21C1C9200AB00AC19D4 /* AppDelegate.swift in Sources */,
			);
			runOnlyForDeploymentPostprocessing = 0;
		};
/* End PBXSourcesBuildPhase section */

/* Begin PBXVariantGroup section */
		4127E21F1C9200AB00AC19D4 /* Main.storyboard */ = {
			isa = PBXVariantGroup;
			children = (
				4127E2201C9200AB00AC19D4 /* Base */,
			);
			name = Main.storyboard;
			sourceTree = "<group>";
		};
		4127E2241C9200AC00AC19D4 /* LaunchScreen.storyboard */ = {
			isa = PBXVariantGroup;
			children = (
				4127E2251C9200AC00AC19D4 /* Base */,
			);
			name = LaunchScreen.storyboard;
			sourceTree = "<group>";
		};
/* End PBXVariantGroup section */

/* Begin XCBuildConfiguration section */
		4127E2281C9200AC00AC19D4 /* Debug */ = {
			isa = XCBuildConfiguration;
			buildSettings = {
				ALWAYS_SEARCH_USER_PATHS = NO;
				CLANG_CXX_LANGUAGE_STANDARD = "gnu++0x";
				CLANG_CXX_LIBRARY = "libc++";
				CLANG_ENABLE_MODULES = YES;
				CLANG_ENABLE_OBJC_ARC = YES;
				CLANG_WARN_BOOL_CONVERSION = YES;
				CLANG_WARN_CONSTANT_CONVERSION = YES;
				CLANG_WARN_DIRECT_OBJC_ISA_USAGE = YES_ERROR;
				CLANG_WARN_EMPTY_BODY = YES;
				CLANG_WARN_ENUM_CONVERSION = YES;
				CLANG_WARN_INT_CONVERSION = YES;
				CLANG_WARN_OBJC_ROOT_CLASS = YES_ERROR;
				CLANG_WARN_UNREACHABLE_CODE = YES;
				CLANG_WARN__DUPLICATE_METHOD_MATCH = YES;
				"CODE_SIGN_IDENTITY[sdk=iphoneos*]" = "iPhone Developer";
				COPY_PHASE_STRIP = NO;
				DEBUG_INFORMATION_FORMAT = dwarf;
				ENABLE_STRICT_OBJC_MSGSEND = YES;
				ENABLE_TESTABILITY = YES;
				GCC_C_LANGUAGE_STANDARD = gnu99;
				GCC_DYNAMIC_NO_PIC = NO;
				GCC_NO_COMMON_BLOCKS = YES;
				GCC_OPTIMIZATION_LEVEL = 0;
				GCC_PREPROCESSOR_DEFINITIONS = (
					"DEBUG=1",
					"$(inherited)",
				);
				GCC_WARN_64_TO_32_BIT_CONVERSION = YES;
				GCC_WARN_ABOUT_RETURN_TYPE = YES_ERROR;
				GCC_WARN_UNDECLARED_SELECTOR = YES;
				GCC_WARN_UNINITIALIZED_AUTOS = YES_AGGRESSIVE;
				GCC_WARN_UNUSED_FUNCTION = YES;
				GCC_WARN_UNUSED_VARIABLE = YES;
				IPHONEOS_DEPLOYMENT_TARGET = 9.2;
				MTL_ENABLE_DEBUG_INFO = YES;
				ONLY_ACTIVE_ARCH = YES;
				SDKROOT = iphoneos;
				SWIFT_OPTIMIZATION_LEVEL = "-Onone";
				TARGETED_DEVICE_FAMILY = 2;
			};
			name = Debug;
		};
		4127E2291C9200AC00AC19D4 /* Release */ = {
			isa = XCBuildConfiguration;
			buildSettings = {
				ALWAYS_SEARCH_USER_PATHS = NO;
				CLANG_CXX_LANGUAGE_STANDARD = "gnu++0x";
				CLANG_CXX_LIBRARY = "libc++";
				CLANG_ENABLE_MODULES = YES;
				CLANG_ENABLE_OBJC_ARC = YES;
				CLANG_WARN_BOOL_CONVERSION = YES;
				CLANG_WARN_CONSTANT_CONVERSION = YES;
				CLANG_WARN_DIRECT_OBJC_ISA_USAGE = YES_ERROR;
				CLANG_WARN_EMPTY_BODY = YES;
				CLANG_WARN_ENUM_CONVERSION = YES;
				CLANG_WARN_INT_CONVERSION = YES;
				CLANG_WARN_OBJC_ROOT_CLASS = YES_ERROR;
				CLANG_WARN_UNREACHABLE_CODE = YES;
				CLANG_WARN__DUPLICATE_METHOD_MATCH = YES;
				"CODE_SIGN_IDENTITY[sdk=iphoneos*]" = "iPhone Developer";
				COPY_PHASE_STRIP = NO;
				DEBUG_INFORMATION_FORMAT = "dwarf-with-dsym";
				ENABLE_NS_ASSERTIONS = NO;
				ENABLE_STRICT_OBJC_MSGSEND = YES;
				GCC_C_LANGUAGE_STANDARD = gnu99;
				GCC_NO_COMMON_BLOCKS = YES;
				GCC_WARN_64_TO_32_BIT_CONVERSION = YES;
				GCC_WARN_ABOUT_RETURN_TYPE = YES_ERROR;
				GCC_WARN_UNDECLARED_SELECTOR = YES;
				GCC_WARN_UNINITIALIZED_AUTOS = YES_AGGRESSIVE;
				GCC_WARN_UNUSED_FUNCTION = YES;
				GCC_WARN_UNUSED_VARIABLE = YES;
				IPHONEOS_DEPLOYMENT_TARGET = 9.2;
				MTL_ENABLE_DEBUG_INFO = NO;
				SDKROOT = iphoneos;
				TARGETED_DEVICE_FAMILY = 2;
				VALIDATE_PRODUCT = YES;
			};
			name = Release;
		};
		4127E22B1C9200AC00AC19D4 /* Debug */ = {
			isa = XCBuildConfiguration;
			buildSettings = {
				ASSETCATALOG_COMPILER_APPICON_NAME = AppIcon;
				INFOPLIST_FILE = "HWS-Project8/Info.plist";
				LD_RUNPATH_SEARCH_PATHS = "$(inherited) @executable_path/Frameworks";
				PRODUCT_BUNDLE_IDENTIFIER = "com.donnydavis.HWS-Project8";
				PRODUCT_NAME = "$(TARGET_NAME)";
			};
			name = Debug;
		};
		4127E22C1C9200AC00AC19D4 /* Release */ = {
			isa = XCBuildConfiguration;
			buildSettings = {
				ASSETCATALOG_COMPILER_APPICON_NAME = AppIcon;
				INFOPLIST_FILE = "HWS-Project8/Info.plist";
				LD_RUNPATH_SEARCH_PATHS = "$(inherited) @executable_path/Frameworks";
				PRODUCT_BUNDLE_IDENTIFIER = "com.donnydavis.HWS-Project8";
				PRODUCT_NAME = "$(TARGET_NAME)";
			};
			name = Release;
		};
/* End XCBuildConfiguration section */

/* Begin XCConfigurationList section */
		4127E2131C9200AB00AC19D4 /* Build configuration list for PBXProject "HWS-Project8" */ = {
			isa = XCConfigurationList;
			buildConfigurations = (
				4127E2281C9200AC00AC19D4 /* Debug */,
				4127E2291C9200AC00AC19D4 /* Release */,
			);
			defaultConfigurationIsVisible = 0;
			defaultConfigurationName = Release;
		};
		4127E22A1C9200AC00AC19D4 /* Build configuration list for PBXNativeTarget "HWS-Project8" */ = {
			isa = XCConfigurationList;
			buildConfigurations = (
				4127E22B1C9200AC00AC19D4 /* Debug */,
				4127E22C1C9200AC00AC19D4 /* Release */,
			);
			defaultConfigurationIsVisible = 0;
			defaultConfigurationName = Release;
		};
/* End XCConfigurationList section */
	};
	rootObject = 4127E2101C9200AB00AC19D4 /* Project object */;
}
